
Microsoft Visual Studio Solution File, Format Version 12.00
# Visual Studio Version 17
VisualStudioVersion = 17.2.32516.85
MinimumVisualStudioVersion = 10.0.40219.1
Project("{8BC9CEB8-8B4A-11D0-8D11-00A0C91BC942}") = "shapes", "shapes\shapes.vcxproj", "{6FB53E49-6C70-4E2C-AB40-83A139700D04}"
EndProject
Global
	GlobalSection(SolutionConfigurationPlatforms) = preSolution
		Debug|x64 = Debug|x64
		Debug|x86 = Debug|x86
		Release|x64 = Release|x64
		Release|x86 = Release|x86
	EndGlobalSection
	GlobalSection(ProjectConfigurationPlatforms) = postSolution
		{6FB53E49-6C70-4E2C-AB40-83A139700D04}.Debug|x64.ActiveCfg = Debug|x64
		{6FB53E49-6C70-4E2C-AB40-83A139700D04}.Debug|x64.Build.0 = Debug|x64
		{6FB53E49-6C70-4E2C-AB40-83A139700D04}.Debug|x86.ActiveCfg = Debug|Win32
		{6FB53E49-6C70-4E2C-AB40-83A139700D04}.Debug|x86.Build.0 = Debug|Win32
		{6FB53E49-6C70-4E2C-AB40-83A139700D04}.Release|x64.ActiveCfg = Release|x64
		{6FB53E49-6C70-4E2C-AB40-83A139700D04}.Release|x64.Build.0 = Release|x64
		{6FB53E49-6C70-4E2C-AB40-83A139700D04}.Release|x86.ActiveCfg = Release|Win32
		{6FB53E49-6C70-4E2C-AB40-83A139700D04}.Release|x86.Build.0 = Release|Win32
	EndGlobalSection
	GlobalSection(SolutionProperties) = preSolution
		HideSolutionNode = FALSE
	EndGlobalSection
	GlobalSection(ExtensibilityGlobals) = postSolution
		SolutionGuid = {3C3E2D7C-4311-43E8-8A64-D7EE6E2D545F}
	EndGlobalSection
EndGlobal
